github.com/oluwadamilareolusakin/embedfiles/v2 v2.0.0-alpha.1 h1:vvDjHN+cMZc28jQ6+m1bMdryPGL/UFBp3D/AeqAAMbY=
github.com/oluwadamilareolusakin/embedfiles/v2 v2.0.0-alpha.1/go.mod h1:ZwKtbV0a5/L7L0a4QMg+G/hSuTxcVWHyuwgwMMlE75o=
github.com/oluwadamilareolusakin/embedfiles/v2 v2.0.0-alpha.2 h1:EEpcXDJhLoxoMt7sTL6Sfd/pCaJqSV8VHNcyUSPypag=
github.com/oluwadamilareolusakin/embedfiles/v2 v2.0.0-alpha.2/go.mod h1:ZwKtbV0a5/L7L0a4QMg+G/hSuTxcVWHyuwgwMMlE75o=
